// !$*UTF8*$!
{
	archiveVersion = 1;
	classes = {
	};
	objectVersion = 55;
	objects = {

/* Begin PBXBuildFile section */
		039E5651208D193D15874AD5 /* Pods_YourChat.framework in Frameworks */ = {isa = PBXBuildFile; fileRef = 826D06B2807172E2CD89382B /* Pods_YourChat.framework */; };
		4906E51F288FDAB500846E7E /* LoginViewController.swift in Sources */ = {isa = PBXBuildFile; fileRef = 4906E51E288FDAB500846E7E /* LoginViewController.swift */; };
		4906E522288FDF0E00846E7E /* SetupProfileViewController.swift in Sources */ = {isa = PBXBuildFile; fileRef = 4906E521288FDF0E00846E7E /* SetupProfileViewController.swift */; };
		4906E524288FE2E200846E7E /* AddPhotoView.swift in Sources */ = {isa = PBXBuildFile; fileRef = 4906E523288FE2E200846E7E /* AddPhotoView.swift */; };
		4906E5262890079000846E7E /* UISegmentedControl + extension.swift in Sources */ = {isa = PBXBuildFile; fileRef = 4906E5252890079000846E7E /* UISegmentedControl + extension.swift */; };
		4906E5282890181600846E7E /* ListViewController.swift in Sources */ = {isa = PBXBuildFile; fileRef = 4906E5272890181600846E7E /* ListViewController.swift */; };
		4906E52C2890186300846E7E /* MainTabBarController.swift in Sources */ = {isa = PBXBuildFile; fileRef = 4906E52B2890186300846E7E /* MainTabBarController.swift */; };
		4906E52E2890192A00846E7E /* PeopleViewController.swift in Sources */ = {isa = PBXBuildFile; fileRef = 4906E52D2890192A00846E7E /* PeopleViewController.swift */; };
		4907983B288EA9470077245A /* AppDelegate.swift in Sources */ = {isa = PBXBuildFile; fileRef = 4907983A288EA9470077245A /* AppDelegate.swift */; };
		4907983F288EA9470077245A /* AuthViewController.swift in Sources */ = {isa = PBXBuildFile; fileRef = 4907983E288EA9470077245A /* AuthViewController.swift */; };
		49079844288EA9490077245A /* Assets.xcassets in Resources */ = {isa = PBXBuildFile; fileRef = 49079843288EA9490077245A /* Assets.xcassets */; };
		49079847288EA9490077245A /* LaunchScreen.storyboard in Resources */ = {isa = PBXBuildFile; fileRef = 49079845288EA9490077245A /* LaunchScreen.storyboard */; };
		4907AB2E2894597B002A54DE /* ProfileViewController.swift in Sources */ = {isa = PBXBuildFile; fileRef = 4907AB2D2894597B002A54DE /* ProfileViewController.swift */; };
		4907AB3028945DB7002A54DE /* InsertableTextField.swift in Sources */ = {isa = PBXBuildFile; fileRef = 4907AB2F28945DB7002A54DE /* InsertableTextField.swift */; };
		491FF793289ABCA500CA7391 /* FirestoreService.swift in Sources */ = {isa = PBXBuildFile; fileRef = 491FF792289ABCA500CA7391 /* FirestoreService.swift */; };
		494F8E312899841A0099BB11 /* AuthError.swift in Sources */ = {isa = PBXBuildFile; fileRef = 494F8E302899841A0099BB11 /* AuthError.swift */; };
		494F8E34289990FD0099BB11 /* AuthNavigationDelegate.swift in Sources */ = {isa = PBXBuildFile; fileRef = 494F8E33289990FD0099BB11 /* AuthNavigationDelegate.swift */; };
		496E918A2891712700AB420D /* ActiveChatCell.swift in Sources */ = {isa = PBXBuildFile; fileRef = 496E91892891712700AB420D /* ActiveChatCell.swift */; };
		496E918C2891713200AB420D /* WaitingChatCell.swift in Sources */ = {isa = PBXBuildFile; fileRef = 496E918B2891713200AB420D /* WaitingChatCell.swift */; };
		497420812892E3C500DCEDBB /* SectionHeader.swift in Sources */ = {isa = PBXBuildFile; fileRef = 497420802892E3C500DCEDBB /* SectionHeader.swift */; };
		497420832892EE2900DCEDBB /* users.json in Resources */ = {isa = PBXBuildFile; fileRef = 497420822892EE2900DCEDBB /* users.json */; };
		497420862892F04100DCEDBB /* MChatModel.swift in Sources */ = {isa = PBXBuildFile; fileRef = 497420852892F04100DCEDBB /* MChatModel.swift */; };
		497420882892F05100DCEDBB /* MUser.swift in Sources */ = {isa = PBXBuildFile; fileRef = 497420872892F05100DCEDBB /* MUser.swift */; };
		4974208E2892F6D800DCEDBB /* UserCell.swift in Sources */ = {isa = PBXBuildFile; fileRef = 4974208D2892F6D800DCEDBB /* UserCell.swift */; };
		497420902892F8EA00DCEDBB /* UIViewController + extension.swift in Sources */ = {isa = PBXBuildFile; fileRef = 4974208F2892F8EA00DCEDBB /* UIViewController + extension.swift */; };
		49915304288F0D3F00D7E86D /* SignUpViewController.swift in Sources */ = {isa = PBXBuildFile; fileRef = 49915303288F0D3F00D7E86D /* SignUpViewController.swift */; };
		49915306288F108400D7E86D /* OneLineTextField.swift in Sources */ = {isa = PBXBuildFile; fileRef = 49915305288F108400D7E86D /* OneLineTextField.swift */; };
		499ABC77289AC0CC00EFEE2F /* UserError.swift in Sources */ = {isa = PBXBuildFile; fileRef = 499ABC76289AC0CC00EFEE2F /* UserError.swift */; };
		499ADB872891518100F6E0E9 /* activeChats.json in Resources */ = {isa = PBXBuildFile; fileRef = 499ADB852891518100F6E0E9 /* activeChats.json */; };
		499ADB882891518100F6E0E9 /* waitingChats.json in Resources */ = {isa = PBXBuildFile; fileRef = 499ADB862891518100F6E0E9 /* waitingChats.json */; };
		499ADB8A289151A700F6E0E9 /* Bundle + extension.swift in Sources */ = {isa = PBXBuildFile; fileRef = 499ADB89289151A700F6E0E9 /* Bundle + extension.swift */; };
		49B16E4628982433008E6EF8 /* ChatRequestViewController.swift in Sources */ = {isa = PBXBuildFile; fileRef = 49B16E4528982433008E6EF8 /* ChatRequestViewController.swift */; };
		49B16E4928982B87008E6EF8 /* GoogleService-Info.plist in Resources */ = {isa = PBXBuildFile; fileRef = 49B16E4828982B87008E6EF8 /* GoogleService-Info.plist */; };
		49B87E8728928EB70069E9C7 /* SelfConfigureCell.swift in Sources */ = {isa = PBXBuildFile; fileRef = 49B87E8628928EB70069E9C7 /* SelfConfigureCell.swift */; };
		49C7E86628A2E04B00D16508 /* UIAplication + Extension.swift in Sources */ = {isa = PBXBuildFile; fileRef = 49C7E86528A2E04B00D16508 /* UIAplication + Extension.swift */; };
		49DF637628982EFE00E3CCFE /* Validators.swift in Sources */ = {isa = PBXBuildFile; fileRef = 49DF637528982EFE00E3CCFE /* Validators.swift */; };
		49DF63782898307600E3CCFE /* AuthService.swift in Sources */ = {isa = PBXBuildFile; fileRef = 49DF63772898307600E3CCFE /* AuthService.swift */; };
		49EB541C2892868500F94B3B /* GradientView.swift in Sources */ = {isa = PBXBuildFile; fileRef = 49EB541B2892868500F94B3B /* GradientView.swift */; };
		49F45FCB288ECC63008DC461 /* UIButton + extension.swift in Sources */ = {isa = PBXBuildFile; fileRef = 49F45FCA288ECC63008DC461 /* UIButton + extension.swift */; };
		49F45FCD288ECD56008DC461 /* UIView + extension.swift in Sources */ = {isa = PBXBuildFile; fileRef = 49F45FCC288ECD56008DC461 /* UIView + extension.swift */; };
		49F45FCF288ECE25008DC461 /* Constants.swift in Sources */ = {isa = PBXBuildFile; fileRef = 49F45FCE288ECE25008DC461 /* Constants.swift */; };
		49F45FD1288ECE30008DC461 /* UIFont + extension.swift in Sources */ = {isa = PBXBuildFile; fileRef = 49F45FD0288ECE30008DC461 /* UIFont + extension.swift */; };
		49F45FD7288ED11E008DC461 /* UILabale + extension.swift in Sources */ = {isa = PBXBuildFile; fileRef = 49F45FD6288ED11E008DC461 /* UILabale + extension.swift */; };
		49F45FD9288ED1C1008DC461 /* UIImageView + extension.swift in Sources */ = {isa = PBXBuildFile; fileRef = 49F45FD8288ED1C1008DC461 /* UIImageView + extension.swift */; };
		49F45FDB288ED461008DC461 /* ButtonFormView.swift in Sources */ = {isa = PBXBuildFile; fileRef = 49F45FDA288ED461008DC461 /* ButtonFormView.swift */; };
		49F45FDD288EDDD5008DC461 /* UIStackView + extension.swift in Sources */ = {isa = PBXBuildFile; fileRef = 49F45FDC288EDDD5008DC461 /* UIStackView + extension.swift */; };
/* End PBXBuildFile section */

/* Begin PBXFileReference section */
		426780FC226FD6569FD1D3D0 /* Pods-YourChat.debug.xcconfig */ = {isa = PBXFileReference; includeInIndex = 1; lastKnownFileType = text.xcconfig; name = "Pods-YourChat.debug.xcconfig"; path = "Target Support Files/Pods-YourChat/Pods-YourChat.debug.xcconfig"; sourceTree = "<group>"; };
		4906E51E288FDAB500846E7E /* LoginViewController.swift */ = {isa = PBXFileReference; lastKnownFileType = sourcecode.swift; path = LoginViewController.swift; sourceTree = "<group>"; };
		4906E521288FDF0E00846E7E /* SetupProfileViewController.swift */ = {isa = PBXFileReference; lastKnownFileType = sourcecode.swift; path = SetupProfileViewController.swift; sourceTree = "<group>"; };
		4906E523288FE2E200846E7E /* AddPhotoView.swift */ = {isa = PBXFileReference; lastKnownFileType = sourcecode.swift; path = AddPhotoView.swift; sourceTree = "<group>"; };
		4906E5252890079000846E7E /* UISegmentedControl + extension.swift */ = {isa = PBXFileReference; lastKnownFileType = sourcecode.swift; path = "UISegmentedControl + extension.swift"; sourceTree = "<group>"; };
		4906E5272890181600846E7E /* ListViewController.swift */ = {isa = PBXFileReference; lastKnownFileType = sourcecode.swift; path = ListViewController.swift; sourceTree = "<group>"; };
		4906E52B2890186300846E7E /* MainTabBarController.swift */ = {isa = PBXFileReference; lastKnownFileType = sourcecode.swift; path = MainTabBarController.swift; sourceTree = "<group>"; };
		4906E52D2890192A00846E7E /* PeopleViewController.swift */ = {isa = PBXFileReference; lastKnownFileType = sourcecode.swift; path = PeopleViewController.swift; sourceTree = "<group>"; };
		49079837288EA9470077245A /* YourChat.app */ = {isa = PBXFileReference; explicitFileType = wrapper.application; includeInIndex = 0; path = YourChat.app; sourceTree = BUILT_PRODUCTS_DIR; };
		4907983A288EA9470077245A /* AppDelegate.swift */ = {isa = PBXFileReference; lastKnownFileType = sourcecode.swift; path = AppDelegate.swift; sourceTree = "<group>"; };
		4907983E288EA9470077245A /* AuthViewController.swift */ = {isa = PBXFileReference; lastKnownFileType = sourcecode.swift; path = AuthViewController.swift; sourceTree = "<group>"; };
		49079843288EA9490077245A /* Assets.xcassets */ = {isa = PBXFileReference; lastKnownFileType = folder.assetcatalog; path = Assets.xcassets; sourceTree = "<group>"; };
		49079846288EA9490077245A /* Base */ = {isa = PBXFileReference; lastKnownFileType = file.storyboard; name = Base; path = Base.lproj/LaunchScreen.storyboard; sourceTree = "<group>"; };
		49079848288EA9490077245A /* Info.plist */ = {isa = PBXFileReference; lastKnownFileType = text.plist.xml; path = Info.plist; sourceTree = "<group>"; };
		4907AB2D2894597B002A54DE /* ProfileViewController.swift */ = {isa = PBXFileReference; lastKnownFileType = sourcecode.swift; path = ProfileViewController.swift; sourceTree = "<group>"; };
		4907AB2F28945DB7002A54DE /* InsertableTextField.swift */ = {isa = PBXFileReference; lastKnownFileType = sourcecode.swift; path = InsertableTextField.swift; sourceTree = "<group>"; };
		491FF792289ABCA500CA7391 /* FirestoreService.swift */ = {isa = PBXFileReference; lastKnownFileType = sourcecode.swift; path = FirestoreService.swift; sourceTree = "<group>"; };
		494F8E302899841A0099BB11 /* AuthError.swift */ = {isa = PBXFileReference; lastKnownFileType = sourcecode.swift; path = AuthError.swift; sourceTree = "<group>"; };
		494F8E33289990FD0099BB11 /* AuthNavigationDelegate.swift */ = {isa = PBXFileReference; lastKnownFileType = sourcecode.swift; path = AuthNavigationDelegate.swift; sourceTree = "<group>"; };
		496E91892891712700AB420D /* ActiveChatCell.swift */ = {isa = PBXFileReference; lastKnownFileType = sourcecode.swift; path = ActiveChatCell.swift; sourceTree = "<group>"; };
		496E918B2891713200AB420D /* WaitingChatCell.swift */ = {isa = PBXFileReference; lastKnownFileType = sourcecode.swift; path = WaitingChatCell.swift; sourceTree = "<group>"; };
		497420802892E3C500DCEDBB /* SectionHeader.swift */ = {isa = PBXFileReference; lastKnownFileType = sourcecode.swift; path = SectionHeader.swift; sourceTree = "<group>"; };
		497420822892EE2900DCEDBB /* users.json */ = {isa = PBXFileReference; fileEncoding = 4; lastKnownFileType = text.json; path = users.json; sourceTree = "<group>"; };
		497420852892F04100DCEDBB /* MChatModel.swift */ = {isa = PBXFileReference; lastKnownFileType = sourcecode.swift; path = MChatModel.swift; sourceTree = "<group>"; };
		497420872892F05100DCEDBB /* MUser.swift */ = {isa = PBXFileReference; lastKnownFileType = sourcecode.swift; path = MUser.swift; sourceTree = "<group>"; };
		4974208D2892F6D800DCEDBB /* UserCell.swift */ = {isa = PBXFileReference; lastKnownFileType = sourcecode.swift; path = UserCell.swift; sourceTree = "<group>"; };
		4974208F2892F8EA00DCEDBB /* UIViewController + extension.swift */ = {isa = PBXFileReference; lastKnownFileType = sourcecode.swift; path = "UIViewController + extension.swift"; sourceTree = "<group>"; };
		49915303288F0D3F00D7E86D /* SignUpViewController.swift */ = {isa = PBXFileReference; lastKnownFileType = sourcecode.swift; path = SignUpViewController.swift; sourceTree = "<group>"; };
		49915305288F108400D7E86D /* OneLineTextField.swift */ = {isa = PBXFileReference; lastKnownFileType = sourcecode.swift; path = OneLineTextField.swift; sourceTree = "<group>"; };
		499ABC76289AC0CC00EFEE2F /* UserError.swift */ = {isa = PBXFileReference; lastKnownFileType = sourcecode.swift; path = UserError.swift; sourceTree = "<group>"; };
		499ADB852891518100F6E0E9 /* activeChats.json */ = {isa = PBXFileReference; fileEncoding = 4; lastKnownFileType = text.json; path = activeChats.json; sourceTree = "<group>"; };
		499ADB862891518100F6E0E9 /* waitingChats.json */ = {isa = PBXFileReference; fileEncoding = 4; lastKnownFileType = text.json; path = waitingChats.json; sourceTree = "<group>"; };
		499ADB89289151A700F6E0E9 /* Bundle + extension.swift */ = {isa = PBXFileReference; lastKnownFileType = sourcecode.swift; path = "Bundle + extension.swift"; sourceTree = "<group>"; };
		49B16E4528982433008E6EF8 /* ChatRequestViewController.swift */ = {isa = PBXFileReference; lastKnownFileType = sourcecode.swift; path = ChatRequestViewController.swift; sourceTree = "<group>"; };
		49B16E4828982B87008E6EF8 /* GoogleService-Info.plist */ = {isa = PBXFileReference; fileEncoding = 4; lastKnownFileType = text.plist.xml; path = "GoogleService-Info.plist"; sourceTree = "<group>"; };
		49B87E8628928EB70069E9C7 /* SelfConfigureCell.swift */ = {isa = PBXFileReference; lastKnownFileType = sourcecode.swift; path = SelfConfigureCell.swift; sourceTree = "<group>"; };
		49C7E86528A2E04B00D16508 /* UIAplication + Extension.swift */ = {isa = PBXFileReference; lastKnownFileType = sourcecode.swift; path = "UIAplication + Extension.swift"; sourceTree = "<group>"; };
		49DF637528982EFE00E3CCFE /* Validators.swift */ = {isa = PBXFileReference; lastKnownFileType = sourcecode.swift; path = Validators.swift; sourceTree = "<group>"; };
		49DF63772898307600E3CCFE /* AuthService.swift */ = {isa = PBXFileReference; lastKnownFileType = sourcecode.swift; path = AuthService.swift; sourceTree = "<group>"; };
		49EB541B2892868500F94B3B /* GradientView.swift */ = {isa = PBXFileReference; lastKnownFileType = sourcecode.swift; path = GradientView.swift; sourceTree = "<group>"; };
		49F45FCA288ECC63008DC461 /* UIButton + extension.swift */ = {isa = PBXFileReference; lastKnownFileType = sourcecode.swift; path = "UIButton + extension.swift"; sourceTree = "<group>"; };
		49F45FCC288ECD56008DC461 /* UIView + extension.swift */ = {isa = PBXFileReference; lastKnownFileType = sourcecode.swift; path = "UIView + extension.swift"; sourceTree = "<group>"; };
		49F45FCE288ECE25008DC461 /* Constants.swift */ = {isa = PBXFileReference; lastKnownFileType = sourcecode.swift; path = Constants.swift; sourceTree = "<group>"; };
		49F45FD0288ECE30008DC461 /* UIFont + extension.swift */ = {isa = PBXFileReference; lastKnownFileType = sourcecode.swift; path = "UIFont + extension.swift"; sourceTree = "<group>"; };
		49F45FD6288ED11E008DC461 /* UILabale + extension.swift */ = {isa = PBXFileReference; lastKnownFileType = sourcecode.swift; path = "UILabale + extension.swift"; sourceTree = "<group>"; };
		49F45FD8288ED1C1008DC461 /* UIImageView + extension.swift */ = {isa = PBXFileReference; lastKnownFileType = sourcecode.swift; path = "UIImageView + extension.swift"; sourceTree = "<group>"; };
		49F45FDA288ED461008DC461 /* ButtonFormView.swift */ = {isa = PBXFileReference; lastKnownFileType = sourcecode.swift; path = ButtonFormView.swift; sourceTree = "<group>"; };
		49F45FDC288EDDD5008DC461 /* UIStackView + extension.swift */ = {isa = PBXFileReference; lastKnownFileType = sourcecode.swift; path = "UIStackView + extension.swift"; sourceTree = "<group>"; };
		826D06B2807172E2CD89382B /* Pods_YourChat.framework */ = {isa = PBXFileReference; explicitFileType = wrapper.framework; includeInIndex = 0; path = Pods_YourChat.framework; sourceTree = BUILT_PRODUCTS_DIR; };
		CD587A92B32598BD7FE3AA1C /* Pods-YourChat.release.xcconfig */ = {isa = PBXFileReference; includeInIndex = 1; lastKnownFileType = text.xcconfig; name = "Pods-YourChat.release.xcconfig"; path = "Target Support Files/Pods-YourChat/Pods-YourChat.release.xcconfig"; sourceTree = "<group>"; };
/* End PBXFileReference section */

/* Begin PBXFrameworksBuildPhase section */
		49079834288EA9470077245A /* Frameworks */ = {
			isa = PBXFrameworksBuildPhase;
			buildActionMask = 2147483647;
			files = (
				039E5651208D193D15874AD5 /* Pods_YourChat.framework in Frameworks */,
			);
			runOnlyForDeploymentPostprocessing = 0;
		};
/* End PBXFrameworksBuildPhase section */

/* Begin PBXGroup section */
		4906E51D288FDA8B00846E7E /* LoginViewController */ = {
			isa = PBXGroup;
			children = (
				4906E51E288FDAB500846E7E /* LoginViewController.swift */,
				49C7E86528A2E04B00D16508 /* UIAplication + Extension.swift */,
			);
			path = LoginViewController;
			sourceTree = "<group>";
		};
		4906E520288FDECF00846E7E /* SetupProfileViewController */ = {
			isa = PBXGroup;
			children = (
				4906E521288FDF0E00846E7E /* SetupProfileViewController.swift */,
			);
			path = SetupProfileViewController;
			sourceTree = "<group>";
		};
		4906E52A2890182100846E7E /* SignIn&Auth */ = {
			isa = PBXGroup;
			children = (
				4906E520288FDECF00846E7E /* SetupProfileViewController */,
				49915309288F119F00D7E86D /* AuthViewController */,
				4991530A288F11AC00D7E86D /* SignUpViewController */,
				4906E51D288FDA8B00846E7E /* LoginViewController */,
			);
			path = "SignIn&Auth";
			sourceTree = "<group>";
		};
		4906E52F2890195600846E7E /* MainScreens */ = {
			isa = PBXGroup;
			children = (
				4906E52B2890186300846E7E /* MainTabBarController.swift */,
				4907AB2C28945938002A54DE /* ProfileViewController */,
				49B16E4728982436008E6EF8 /* ChatRequestViewController */,
				497420842892EF7000DCEDBB /* Header */,
				4974208A2892F66500DCEDBB /* ListViewController */,
				4974208B2892F67900DCEDBB /* PeopleViewController */,
			);
			path = MainScreens;
			sourceTree = "<group>";
		};
		4907982E288EA9470077245A = {
			isa = PBXGroup;
			children = (
				49079839288EA9470077245A /* YourChat */,
				49079838288EA9470077245A /* Products */,
				61C1640381783A15D2E9946B /* Pods */,
				8FC31A4F544B8DD1AAC1F5B1 /* Frameworks */,
			);
			sourceTree = "<group>";
		};
		49079838288EA9470077245A /* Products */ = {
			isa = PBXGroup;
			children = (
				49079837288EA9470077245A /* YourChat.app */,
			);
			name = Products;
			sourceTree = "<group>";
		};
		49079839288EA9470077245A /* YourChat */ = {
			isa = PBXGroup;
			children = (
				4907983A288EA9470077245A /* AppDelegate.swift */,
				49079845288EA9490077245A /* LaunchScreen.storyboard */,
				494F8E322899866D0099BB11 /* Helpers */,
				49A0AF4B2899751C00C00A7C /* Services */,
				49079853288EAABF0077245A /* Resources */,
				4907984F288EAAA90077245A /* Extension */,
				49B87E8828928F040069E9C7 /* Protocols */,
				49079852288EAAB50077245A /* Controller */,
				4907984E288EAAA40077245A /* Views */,
				49079851288EAAB30077245A /* Data */,
				49079848288EA9490077245A /* Info.plist */,
				49B16E4828982B87008E6EF8 /* GoogleService-Info.plist */,
			);
			path = YourChat;
			sourceTree = "<group>";
		};
		4907984E288EAAA40077245A /* Views */ = {
			isa = PBXGroup;
			children = (
				49EB541B2892868500F94B3B /* GradientView.swift */,
				49F45FDA288ED461008DC461 /* ButtonFormView.swift */,
				49915305288F108400D7E86D /* OneLineTextField.swift */,
				4906E523288FE2E200846E7E /* AddPhotoView.swift */,
				4907AB2F28945DB7002A54DE /* InsertableTextField.swift */,
			);
			path = Views;
			sourceTree = "<group>";
		};
		4907984F288EAAA90077245A /* Extension */ = {
			isa = PBXGroup;
			children = (
				499ADB89289151A700F6E0E9 /* Bundle + extension.swift */,
				49F45FCA288ECC63008DC461 /* UIButton + extension.swift */,
				4906E5252890079000846E7E /* UISegmentedControl + extension.swift */,
				49F45FDC288EDDD5008DC461 /* UIStackView + extension.swift */,
				49F45FD8288ED1C1008DC461 /* UIImageView + extension.swift */,
				49F45FCC288ECD56008DC461 /* UIView + extension.swift */,
				49F45FD6288ED11E008DC461 /* UILabale + extension.swift */,
				49F45FD0288ECE30008DC461 /* UIFont + extension.swift */,
				4974208F2892F8EA00DCEDBB /* UIViewController + extension.swift */,
			);
			path = Extension;
			sourceTree = "<group>";
		};
		49079850288EAAAD0077245A /* Model */ = {
			isa = PBXGroup;
			children = (
				497420852892F04100DCEDBB /* MChatModel.swift */,
				497420872892F05100DCEDBB /* MUser.swift */,
			);
			path = Model;
			sourceTree = "<group>";
		};
		49079851288EAAB30077245A /* Data */ = {
			isa = PBXGroup;
			children = (
				497420822892EE2900DCEDBB /* users.json */,
				499ADB852891518100F6E0E9 /* activeChats.json */,
				499ADB862891518100F6E0E9 /* waitingChats.json */,
			);
			path = Data;
			sourceTree = "<group>";
		};
		49079852288EAAB50077245A /* Controller */ = {
			isa = PBXGroup;
			children = (
				4906E52A2890182100846E7E /* SignIn&Auth */,
				4906E52F2890195600846E7E /* MainScreens */,
			);
			path = Controller;
			sourceTree = "<group>";
		};
		49079853288EAABF0077245A /* Resources */ = {
			isa = PBXGroup;
			children = (
				49079843288EA9490077245A /* Assets.xcassets */,
			);
			path = Resources;
			sourceTree = "<group>";
		};
		4907AB2C28945938002A54DE /* ProfileViewController */ = {
			isa = PBXGroup;
			children = (
				4907AB2D2894597B002A54DE /* ProfileViewController.swift */,
			);
			path = ProfileViewController;
			sourceTree = "<group>";
		};
		494F8E322899866D0099BB11 /* Helpers */ = {
			isa = PBXGroup;
			children = (
				49F45FCE288ECE25008DC461 /* Constants.swift */,
				49DF637528982EFE00E3CCFE /* Validators.swift */,
				494F8E302899841A0099BB11 /* AuthError.swift */,
				499ABC76289AC0CC00EFEE2F /* UserError.swift */,
			);
			path = Helpers;
			sourceTree = "<group>";
		};
		496E91872891710F00AB420D /* Cell */ = {
			isa = PBXGroup;
			children = (
				496E91892891712700AB420D /* ActiveChatCell.swift */,
				496E918B2891713200AB420D /* WaitingChatCell.swift */,
			);
			path = Cell;
			sourceTree = "<group>";
		};
		497420842892EF7000DCEDBB /* Header */ = {
			isa = PBXGroup;
			children = (
				497420802892E3C500DCEDBB /* SectionHeader.swift */,
			);
			path = Header;
			sourceTree = "<group>";
		};
		4974208A2892F66500DCEDBB /* ListViewController */ = {
			isa = PBXGroup;
			children = (
				496E91872891710F00AB420D /* Cell */,
				4906E5272890181600846E7E /* ListViewController.swift */,
			);
			path = ListViewController;
			sourceTree = "<group>";
		};
		4974208B2892F67900DCEDBB /* PeopleViewController */ = {
			isa = PBXGroup;
			children = (
				4974208C2892F68500DCEDBB /* Cell */,
				4906E52D2890192A00846E7E /* PeopleViewController.swift */,
			);
			path = PeopleViewController;
			sourceTree = "<group>";
		};
		4974208C2892F68500DCEDBB /* Cell */ = {
			isa = PBXGroup;
			children = (
				4974208D2892F6D800DCEDBB /* UserCell.swift */,
			);
			path = Cell;
			sourceTree = "<group>";
		};
		49915309288F119F00D7E86D /* AuthViewController */ = {
			isa = PBXGroup;
			children = (
				4907983E288EA9470077245A /* AuthViewController.swift */,
			);
			path = AuthViewController;
			sourceTree = "<group>";
		};
		4991530A288F11AC00D7E86D /* SignUpViewController */ = {
			isa = PBXGroup;
			children = (
				49915303288F0D3F00D7E86D /* SignUpViewController.swift */,
			);
			path = SignUpViewController;
			sourceTree = "<group>";
		};
		49A0AF4B2899751C00C00A7C /* Services */ = {
			isa = PBXGroup;
			children = (
				49DF63772898307600E3CCFE /* AuthService.swift */,
				491FF792289ABCA500CA7391 /* FirestoreService.swift */,
				49079850288EAAAD0077245A /* Model */,
			);
			path = Services;
			sourceTree = "<group>";
		};
		49B16E4728982436008E6EF8 /* ChatRequestViewController */ = {
			isa = PBXGroup;
			children = (
				49B16E4528982433008E6EF8 /* ChatRequestViewController.swift */,
			);
			path = ChatRequestViewController;
			sourceTree = "<group>";
		};
		49B87E8828928F040069E9C7 /* Protocols */ = {
			isa = PBXGroup;
			children = (
				49B87E8628928EB70069E9C7 /* SelfConfigureCell.swift */,
				494F8E33289990FD0099BB11 /* AuthNavigationDelegate.swift */,
			);
			path = Protocols;
			sourceTree = "<group>";
		};
		61C1640381783A15D2E9946B /* Pods */ = {
			isa = PBXGroup;
			children = (
				426780FC226FD6569FD1D3D0 /* Pods-YourChat.debug.xcconfig */,
				CD587A92B32598BD7FE3AA1C /* Pods-YourChat.release.xcconfig */,
			);
			path = Pods;
			sourceTree = "<group>";
		};
		8FC31A4F544B8DD1AAC1F5B1 /* Frameworks */ = {
			isa = PBXGroup;
			children = (
				826D06B2807172E2CD89382B /* Pods_YourChat.framework */,
			);
			name = Frameworks;
			sourceTree = "<group>";
		};
/* End PBXGroup section */

/* Begin PBXNativeTarget section */
		49079836288EA9470077245A /* YourChat */ = {
			isa = PBXNativeTarget;
			buildConfigurationList = 4907984B288EA9490077245A /* Build configuration list for PBXNativeTarget "YourChat" */;
			buildPhases = (
				2AD2131C73F91B2C51B92CD1 /* [CP] Check Pods Manifest.lock */,
				49079833288EA9470077245A /* Sources */,
				49079834288EA9470077245A /* Frameworks */,
				49079835288EA9470077245A /* Resources */,
				9E889399CAB8E5055B61E056 /* [CP] Embed Pods Frameworks */,
			);
			buildRules = (
			);
			dependencies = (
			);
			name = YourChat;
			productName = YourChat;
			productReference = 49079837288EA9470077245A /* YourChat.app */;
			productType = "com.apple.product-type.application";
		};
/* End PBXNativeTarget section */

/* Begin PBXProject section */
		4907982F288EA9470077245A /* Project object */ = {
			isa = PBXProject;
			attributes = {
				BuildIndependentTargetsInParallel = 1;
				LastSwiftUpdateCheck = 1340;
				LastUpgradeCheck = 1340;
				TargetAttributes = {
					49079836288EA9470077245A = {
						CreatedOnToolsVersion = 13.4.1;
					};
				};
			};
			buildConfigurationList = 49079832288EA9470077245A /* Build configuration list for PBXProject "YourChat" */;
			compatibilityVersion = "Xcode 13.0";
			developmentRegion = en;
			hasScannedForEncodings = 0;
			knownRegions = (
				en,
				Base,
			);
			mainGroup = 4907982E288EA9470077245A;
			productRefGroup = 49079838288EA9470077245A /* Products */;
			projectDirPath = "";
			projectRoot = "";
			targets = (
				49079836288EA9470077245A /* YourChat */,
			);
		};
/* End PBXProject section */

/* Begin PBXResourcesBuildPhase section */
		49079835288EA9470077245A /* Resources */ = {
			isa = PBXResourcesBuildPhase;
			buildActionMask = 2147483647;
			files = (
				497420832892EE2900DCEDBB /* users.json in Resources */,
				49079847288EA9490077245A /* LaunchScreen.storyboard in Resources */,
				499ADB872891518100F6E0E9 /* activeChats.json in Resources */,
				49079844288EA9490077245A /* Assets.xcassets in Resources */,
				499ADB882891518100F6E0E9 /* waitingChats.json in Resources */,
				49B16E4928982B87008E6EF8 /* GoogleService-Info.plist in Resources */,
			);
			runOnlyForDeploymentPostprocessing = 0;
		};
/* End PBXResourcesBuildPhase section */

/* Begin PBXShellScriptBuildPhase section */
		2AD2131C73F91B2C51B92CD1 /* [CP] Check Pods Manifest.lock */ = {
			isa = PBXShellScriptBuildPhase;
			buildActionMask = 2147483647;
			files = (
			);
			inputFileListPaths = (
			);
			inputPaths = (
				"${PODS_PODFILE_DIR_PATH}/Podfile.lock",
				"${PODS_ROOT}/Manifest.lock",
			);
			name = "[CP] Check Pods Manifest.lock";
			outputFileListPaths = (
			);
			outputPaths = (
				"$(DERIVED_FILE_DIR)/Pods-YourChat-checkManifestLockResult.txt",
			);
			runOnlyForDeploymentPostprocessing = 0;
			shellPath = /bin/sh;
			shellScript = "diff \"${PODS_PODFILE_DIR_PATH}/Podfile.lock\" \"${PODS_ROOT}/Manifest.lock\" > /dev/null\nif [ $? != 0 ] ; then\n    # print error to STDERR\n    echo \"error: The sandbox is not in sync with the Podfile.lock. Run 'pod install' or update your CocoaPods installation.\" >&2\n    exit 1\nfi\n# This output is used by Xcode 'outputs' to avoid re-running this script phase.\necho \"SUCCESS\" > \"${SCRIPT_OUTPUT_FILE_0}\"\n";
			showEnvVarsInLog = 0;
		};
		9E889399CAB8E5055B61E056 /* [CP] Embed Pods Frameworks */ = {
			isa = PBXShellScriptBuildPhase;
			buildActionMask = 2147483647;
			files = (
			);
			inputFileListPaths = (
				"${PODS_ROOT}/Target Support Files/Pods-YourChat/Pods-YourChat-frameworks-${CONFIGURATION}-input-files.xcfilelist",
			);
			name = "[CP] Embed Pods Frameworks";
			outputFileListPaths = (
				"${PODS_ROOT}/Target Support Files/Pods-YourChat/Pods-YourChat-frameworks-${CONFIGURATION}-output-files.xcfilelist",
			);
			runOnlyForDeploymentPostprocessing = 0;
			shellPath = /bin/sh;
			shellScript = "\"${PODS_ROOT}/Target Support Files/Pods-YourChat/Pods-YourChat-frameworks.sh\"\n";
			showEnvVarsInLog = 0;
		};
/* End PBXShellScriptBuildPhase section */

/* Begin PBXSourcesBuildPhase section */
		49079833288EA9470077245A /* Sources */ = {
			isa = PBXSourcesBuildPhase;
			buildActionMask = 2147483647;
			files = (
				494F8E34289990FD0099BB11 /* AuthNavigationDelegate.swift in Sources */,
				491FF793289ABCA500CA7391 /* FirestoreService.swift in Sources */,
				4906E5282890181600846E7E /* ListViewController.swift in Sources */,
				499ABC77289AC0CC00EFEE2F /* UserError.swift in Sources */,
				49EB541C2892868500F94B3B /* GradientView.swift in Sources */,
				49B16E4628982433008E6EF8 /* ChatRequestViewController.swift in Sources */,
				497420812892E3C500DCEDBB /* SectionHeader.swift in Sources */,
				497420902892F8EA00DCEDBB /* UIViewController + extension.swift in Sources */,
				49915304288F0D3F00D7E86D /* SignUpViewController.swift in Sources */,
				4906E52C2890186300846E7E /* MainTabBarController.swift in Sources */,
				49F45FD1288ECE30008DC461 /* UIFont + extension.swift in Sources */,
				496E918A2891712700AB420D /* ActiveChatCell.swift in Sources */,
				4906E5262890079000846E7E /* UISegmentedControl + extension.swift in Sources */,
				4906E52E2890192A00846E7E /* PeopleViewController.swift in Sources */,
				4907AB3028945DB7002A54DE /* InsertableTextField.swift in Sources */,
				49F45FCF288ECE25008DC461 /* Constants.swift in Sources */,
				49F45FD7288ED11E008DC461 /* UILabale + extension.swift in Sources */,
				4907AB2E2894597B002A54DE /* ProfileViewController.swift in Sources */,
				4906E522288FDF0E00846E7E /* SetupProfileViewController.swift in Sources */,
				49F45FDB288ED461008DC461 /* ButtonFormView.swift in Sources */,
				497420882892F05100DCEDBB /* MUser.swift in Sources */,
				49F45FCD288ECD56008DC461 /* UIView + extension.swift in Sources */,
				4906E524288FE2E200846E7E /* AddPhotoView.swift in Sources */,
				497420862892F04100DCEDBB /* MChatModel.swift in Sources */,
				49C7E86628A2E04B00D16508 /* UIAplication + Extension.swift in Sources */,
				49F45FD9288ED1C1008DC461 /* UIImageView + extension.swift in Sources */,
				499ADB8A289151A700F6E0E9 /* Bundle + extension.swift in Sources */,
				49B87E8728928EB70069E9C7 /* SelfConfigureCell.swift in Sources */,
				4974208E2892F6D800DCEDBB /* UserCell.swift in Sources */,
				496E918C2891713200AB420D /* WaitingChatCell.swift in Sources */,
				49DF637628982EFE00E3CCFE /* Validators.swift in Sources */,
				4907983F288EA9470077245A /* AuthViewController.swift in Sources */,
				49915306288F108400D7E86D /* OneLineTextField.swift in Sources */,
				49F45FDD288EDDD5008DC461 /* UIStackView + extension.swift in Sources */,
				4907983B288EA9470077245A /* AppDelegate.swift in Sources */,
				49DF63782898307600E3CCFE /* AuthService.swift in Sources */,
				4906E51F288FDAB500846E7E /* LoginViewController.swift in Sources */,
				49F45FCB288ECC63008DC461 /* UIButton + extension.swift in Sources */,
				494F8E312899841A0099BB11 /* AuthError.swift in Sources */,
			);
			runOnlyForDeploymentPostprocessing = 0;
		};
/* End PBXSourcesBuildPhase section */

/* Begin PBXVariantGroup section */
		49079845288EA9490077245A /* LaunchScreen.storyboard */ = {
			isa = PBXVariantGroup;
			children = (
				49079846288EA9490077245A /* Base */,
			);
			name = LaunchScreen.storyboard;
			sourceTree = "<group>";
		};
/* End PBXVariantGroup section */

/* Begin XCBuildConfiguration section */
		49079849288EA9490077245A /* Debug */ = {
			isa = XCBuildConfiguration;
			buildSettings = {
				ALWAYS_SEARCH_USER_PATHS = NO;
				CLANG_ANALYZER_NONNULL = YES;
				CLANG_ANALYZER_NUMBER_OBJECT_CONVERSION = YES_AGGRESSIVE;
				CLANG_CXX_LANGUAGE_STANDARD = "gnu++17";
				CLANG_ENABLE_MODULES = YES;
				CLANG_ENABLE_OBJC_ARC = YES;
				CLANG_ENABLE_OBJC_WEAK = YES;
				CLANG_WARN_BLOCK_CAPTURE_AUTORELEASING = YES;
				CLANG_WARN_BOOL_CONVERSION = YES;
				CLANG_WARN_COMMA = YES;
				CLANG_WARN_CONSTANT_CONVERSION = YES;
				CLANG_WARN_DEPRECATED_OBJC_IMPLEMENTATIONS = YES;
				CLANG_WARN_DIRECT_OBJC_ISA_USAGE = YES_ERROR;
				CLANG_WARN_DOCUMENTATION_COMMENTS = YES;
				CLANG_WARN_EMPTY_BODY = YES;
				CLANG_WARN_ENUM_CONVERSION = YES;
				CLANG_WARN_INFINITE_RECURSION = YES;
				CLANG_WARN_INT_CONVERSION = YES;
				CLANG_WARN_NON_LITERAL_NULL_CONVERSION = YES;
				CLANG_WARN_OBJC_IMPLICIT_RETAIN_SELF = YES;
				CLANG_WARN_OBJC_LITERAL_CONVERSION = YES;
				CLANG_WARN_OBJC_ROOT_CLASS = YES_ERROR;
				CLANG_WARN_QUOTED_INCLUDE_IN_FRAMEWORK_HEADER = YES;
				CLANG_WARN_RANGE_LOOP_ANALYSIS = YES;
				CLANG_WARN_STRICT_PROTOTYPES = YES;
				CLANG_WARN_SUSPICIOUS_MOVE = YES;
				CLANG_WARN_UNGUARDED_AVAILABILITY = YES_AGGRESSIVE;
				CLANG_WARN_UNREACHABLE_CODE = YES;
				CLANG_WARN__DUPLICATE_METHOD_MATCH = YES;
				COPY_PHASE_STRIP = NO;
				DEBUG_INFORMATION_FORMAT = dwarf;
				ENABLE_STRICT_OBJC_MSGSEND = YES;
				ENABLE_TESTABILITY = YES;
				GCC_C_LANGUAGE_STANDARD = gnu11;
				GCC_DYNAMIC_NO_PIC = NO;
				GCC_NO_COMMON_BLOCKS = YES;
				GCC_OPTIMIZATION_LEVEL = 0;
				GCC_PREPROCESSOR_DEFINITIONS = (
					"DEBUG=1",
					"$(inherited)",
				);
				GCC_WARN_64_TO_32_BIT_CONVERSION = YES;
				GCC_WARN_ABOUT_RETURN_TYPE = YES_ERROR;
				GCC_WARN_UNDECLARED_SELECTOR = YES;
				GCC_WARN_UNINITIALIZED_AUTOS = YES_AGGRESSIVE;
				GCC_WARN_UNUSED_FUNCTION = YES;
				GCC_WARN_UNUSED_VARIABLE = YES;
				IPHONEOS_DEPLOYMENT_TARGET = 15.5;
				MTL_ENABLE_DEBUG_INFO = INCLUDE_SOURCE;
				MTL_FAST_MATH = YES;
				ONLY_ACTIVE_ARCH = YES;
				SDKROOT = iphoneos;
				SWIFT_ACTIVE_COMPILATION_CONDITIONS = DEBUG;
				SWIFT_OPTIMIZATION_LEVEL = "-Onone";
			};
			name = Debug;
		};
		4907984A288EA9490077245A /* Release */ = {
			isa = XCBuildConfiguration;
			buildSettings = {
				ALWAYS_SEARCH_USER_PATHS = NO;
				CLANG_ANALYZER_NONNULL = YES;
				CLANG_ANALYZER_NUMBER_OBJECT_CONVERSION = YES_AGGRESSIVE;
				CLANG_CXX_LANGUAGE_STANDARD = "gnu++17";
				CLANG_ENABLE_MODULES = YES;
				CLANG_ENABLE_OBJC_ARC = YES;
				CLANG_ENABLE_OBJC_WEAK = YES;
				CLANG_WARN_BLOCK_CAPTURE_AUTORELEASING = YES;
				CLANG_WARN_BOOL_CONVERSION = YES;
				CLANG_WARN_COMMA = YES;
				CLANG_WARN_CONSTANT_CONVERSION = YES;
				CLANG_WARN_DEPRECATED_OBJC_IMPLEMENTATIONS = YES;
				CLANG_WARN_DIRECT_OBJC_ISA_USAGE = YES_ERROR;
				CLANG_WARN_DOCUMENTATION_COMMENTS = YES;
				CLANG_WARN_EMPTY_BODY = YES;
				CLANG_WARN_ENUM_CONVERSION = YES;
				CLANG_WARN_INFINITE_RECURSION = YES;
				CLANG_WARN_INT_CONVERSION = YES;
				CLANG_WARN_NON_LITERAL_NULL_CONVERSION = YES;
				CLANG_WARN_OBJC_IMPLICIT_RETAIN_SELF = YES;
				CLANG_WARN_OBJC_LITERAL_CONVERSION = YES;
				CLANG_WARN_OBJC_ROOT_CLASS = YES_ERROR;
				CLANG_WARN_QUOTED_INCLUDE_IN_FRAMEWORK_HEADER = YES;
				CLANG_WARN_RANGE_LOOP_ANALYSIS = YES;
				CLANG_WARN_STRICT_PROTOTYPES = YES;
				CLANG_WARN_SUSPICIOUS_MOVE = YES;
				CLANG_WARN_UNGUARDED_AVAILABILITY = YES_AGGRESSIVE;
				CLANG_WARN_UNREACHABLE_CODE = YES;
				CLANG_WARN__DUPLICATE_METHOD_MATCH = YES;
				COPY_PHASE_STRIP = NO;
				DEBUG_INFORMATION_FORMAT = "dwarf-with-dsym";
				ENABLE_NS_ASSERTIONS = NO;
				ENABLE_STRICT_OBJC_MSGSEND = YES;
				GCC_C_LANGUAGE_STANDARD = gnu11;
				GCC_NO_COMMON_BLOCKS = YES;
				GCC_WARN_64_TO_32_BIT_CONVERSION = YES;
				GCC_WARN_ABOUT_RETURN_TYPE = YES_ERROR;
				GCC_WARN_UNDECLARED_SELECTOR = YES;
				GCC_WARN_UNINITIALIZED_AUTOS = YES_AGGRESSIVE;
				GCC_WARN_UNUSED_FUNCTION = YES;
				GCC_WARN_UNUSED_VARIABLE = YES;
				IPHONEOS_DEPLOYMENT_TARGET = 15.5;
				MTL_ENABLE_DEBUG_INFO = NO;
				MTL_FAST_MATH = YES;
				SDKROOT = iphoneos;
				SWIFT_COMPILATION_MODE = wholemodule;
				SWIFT_OPTIMIZATION_LEVEL = "-O";
				VALIDATE_PRODUCT = YES;
			};
			name = Release;
		};
		4907984C288EA9490077245A /* Debug */ = {
			isa = XCBuildConfiguration;
			baseConfigurationReference = 426780FC226FD6569FD1D3D0 /* Pods-YourChat.debug.xcconfig */;
			buildSettings = {
				ASSETCATALOG_COMPILER_APPICON_NAME = AppIcon;
				ASSETCATALOG_COMPILER_GLOBAL_ACCENT_COLOR_NAME = AccentColor;
				ASSETCATALOG_COMPILER_INCLUDE_ALL_APPICON_ASSETS = NO;
				CODE_SIGN_STYLE = Automatic;
				CURRENT_PROJECT_VERSION = 1;
				GENERATE_INFOPLIST_FILE = YES;
				INFOPLIST_FILE = YourChat/Info.plist;
				INFOPLIST_KEY_UIApplicationSupportsIndirectInputEvents = YES;
				INFOPLIST_KEY_UILaunchStoryboardName = LaunchScreen;
				INFOPLIST_KEY_UIMainStoryboardFile = "";
				INFOPLIST_KEY_UISupportedInterfaceOrientations = UIInterfaceOrientationPortrait;
				INFOPLIST_KEY_UISupportedInterfaceOrientations_iPad = "UIInterfaceOrientationPortrait UIInterfaceOrientationPortraitUpsideDown";
				INFOPLIST_KEY_UISupportedInterfaceOrientations_iPhone = UIInterfaceOrientationPortrait;
				IPHONEOS_DEPLOYMENT_TARGET = 13.0;
				LD_RUNPATH_SEARCH_PATHS = (
					"$(inherited)",
					"@executable_path/Frameworks",
				);
				MARKETING_VERSION = 1.0;
				PRODUCT_BUNDLE_IDENTIFIER = com.KirillSytkov.swiftui.YourChat;
				PRODUCT_NAME = "$(TARGET_NAME)";
				SWIFT_EMIT_LOC_STRINGS = YES;
				SWIFT_VERSION = 5.0;
				TARGETED_DEVICE_FAMILY = 1;
			};
			name = Debug;
		};
		4907984D288EA9490077245A /* Release */ = {
			isa = XCBuildConfiguration;
			baseConfigurationReference = CD587A92B32598BD7FE3AA1C /* Pods-YourChat.release.xcconfig */;
			buildSettings = {
				ASSETCATALOG_COMPILER_APPICON_NAME = AppIcon;
				ASSETCATALOG_COMPILER_GLOBAL_ACCENT_COLOR_NAME = AccentColor;
				ASSETCATALOG_COMPILER_INCLUDE_ALL_APPICON_ASSETS = NO;
				CODE_SIGN_STYLE = Automatic;
				CURRENT_PROJECT_VERSION = 1;
				GENERATE_INFOPLIST_FILE = YES;
				INFOPLIST_FILE = YourChat/Info.plist;
				INFOPLIST_KEY_UIApplicationSupportsIndirectInputEvents = YES;
				INFOPLIST_KEY_UILaunchStoryboardName = LaunchScreen;
				INFOPLIST_KEY_UIMainStoryboardFile = "";
				INFOPLIST_KEY_UISupportedInterfaceOrientations = UIInterfaceOrientationPortrait;
				INFOPLIST_KEY_UISupportedInterfaceOrientations_iPad = "UIInterfaceOrientationPortrait UIInterfaceOrientationPortraitUpsideDown";
				INFOPLIST_KEY_UISupportedInterfaceOrientations_iPhone = UIInterfaceOrientationPortrait;
				IPHONEOS_DEPLOYMENT_TARGET = 13.0;
				LD_RUNPATH_SEARCH_PATHS = (
					"$(inherited)",
					"@executable_path/Frameworks",
				);
				MARKETING_VERSION = 1.0;
				PRODUCT_BUNDLE_IDENTIFIER = com.KirillSytkov.swiftui.YourChat;
				PRODUCT_NAME = "$(TARGET_NAME)";
				SWIFT_EMIT_LOC_STRINGS = YES;
				SWIFT_VERSION = 5.0;
				TARGETED_DEVICE_FAMILY = 1;
			};
			name = Release;
		};
/* End XCBuildConfiguration section */

/* Begin XCConfigurationList section */
		49079832288EA9470077245A /* Build configuration list for PBXProject "YourChat" */ = {
			isa = XCConfigurationList;
			buildConfigurations = (
				49079849288EA9490077245A /* Debug */,
				4907984A288EA9490077245A /* Release */,
			);
			defaultConfigurationIsVisible = 0;
			defaultConfigurationName = Release;
		};
		4907984B288EA9490077245A /* Build configuration list for PBXNativeTarget "YourChat" */ = {
			isa = XCConfigurationList;
			buildConfigurations = (
				4907984C288EA9490077245A /* Debug */,
				4907984D288EA9490077245A /* Release */,
			);
			defaultConfigurationIsVisible = 0;
			defaultConfigurationName = Release;
		};
/* End XCConfigurationList section */
	};
	rootObject = 4907982F288EA9470077245A /* Project object */;
}
